// !$*UTF8*$!
{
	archiveVersion = 1;
	classes = {
	};
	objectVersion = 46;
	objects = {

/* Begin PBXBuildFile section */
		6E11B4B7187B006B0008934E /* DataSource.m in Sources */ = {isa = PBXBuildFile; fileRef = 6E11B4B6187B006B0008934E /* DataSource.m */; };
		6E1E0756188315EA006A3BBE /* PlaylistCellView.m in Sources */ = {isa = PBXBuildFile; fileRef = 6E1E0755188315EA006A3BBE /* PlaylistCellView.m */; };
		6E36DB08187AF55000533597 /* AppDelegate.m in Sources */ = {isa = PBXBuildFile; fileRef = 6EA9D4AB187AD23B007FDC01 /* AppDelegate.m */; };
		6E36DB09187AF55300533597 /* ViewController.m in Sources */ = {isa = PBXBuildFile; fileRef = 6EA9D4B5187AD23B007FDC01 /* ViewController.m */; };
		6E36DB0A187AF57900533597 /* main.m in Sources */ = {isa = PBXBuildFile; fileRef = 6EA9D4B3187AD23B007FDC01 /* main.m */; };
		6E36DB0B187AF5B400533597 /* YouTubePlayeriPad.storyboard in Resources */ = {isa = PBXBuildFile; fileRef = 6EA9D4AC187AD23B007FDC01 /* YouTubePlayeriPad.storyboard */; };
		6E36DB0F187AF65500533597 /* YTPlayerView.m in Sources */ = {isa = PBXBuildFile; fileRef = 6E36DB0E187AF65500533597 /* YTPlayerView.m */; };
		6E41F85B1882BCC4009E1BD8 /* YTVideo.m in Sources */ = {isa = PBXBuildFile; fileRef = 6E41F85A1882BCC4009E1BD8 /* YTVideo.m */; };
		6E9B649818743EE30018A427 /* Cocoa.framework in Frameworks */ = {isa = PBXBuildFile; fileRef = 6E9B649718743EE30018A427 /* Cocoa.framework */; };
		6E9B64D21874413A0018A427 /* YouTubePlayerMain.xib in Resources */ = {isa = PBXBuildFile; fileRef = 6E9B64D11874413A0018A427 /* YouTubePlayerMain.xib */; };
		6E9B64D3187441B70018A427 /* AppDelegate.m in Sources */ = {isa = PBXBuildFile; fileRef = 6E9B64CE18743F8A0018A427 /* AppDelegate.m */; };
		6E9B64D4187441BA0018A427 /* main.m in Sources */ = {isa = PBXBuildFile; fileRef = 6E9B64CF18743F8A0018A427 /* main.m */; };
		6E9B64D9187442550018A427 /* YTPlayerView.m in Sources */ = {isa = PBXBuildFile; fileRef = 6E9B64D8187442550018A427 /* YTPlayerView.m */; };
		6E9B64DB187449030018A427 /* WebKit.framework in Frameworks */ = {isa = PBXBuildFile; fileRef = 6E9B64DA187449030018A427 /* WebKit.framework */; };
		6E9B64DD1874533E0018A427 /* embed.html in Resources */ = {isa = PBXBuildFile; fileRef = 6E9B64DC1874533E0018A427 /* embed.html */; };
		6EB2A8891882E89500C2A160 /* Icons.xcassets in Resources */ = {isa = PBXBuildFile; fileRef = 6EB2A8881882E89500C2A160 /* Icons.xcassets */; };
		6EB2A899188307C200C2A160 /* YouTube-logo-dark.png in Resources */ = {isa = PBXBuildFile; fileRef = 6EB2A898188307C200C2A160 /* YouTube-logo-dark.png */; };
		6EB2A89A18830C1D00C2A160 /* NOTICE.md in Resources */ = {isa = PBXBuildFile; fileRef = 1406A77D1875804F004181BC /* NOTICE.md */; };
/* End PBXBuildFile section */

/* Begin PBXFileReference section */
		1406A77C18757FF3004181BC /* README.md */ = {isa = PBXFileReference; lastKnownFileType = text; path = README.md; sourceTree = "<group>"; };
		1406A77D1875804F004181BC /* NOTICE.md */ = {isa = PBXFileReference; lastKnownFileType = text; path = NOTICE.md; sourceTree = "<group>"; };
		6E11B4B5187B006B0008934E /* DataSource.h */ = {isa = PBXFileReference; fileEncoding = 4; lastKnownFileType = sourcecode.c.h; path = DataSource.h; sourceTree = "<group>"; };
		6E11B4B6187B006B0008934E /* DataSource.m */ = {isa = PBXFileReference; fileEncoding = 4; lastKnownFileType = sourcecode.c.objc; path = DataSource.m; sourceTree = "<group>"; };
		6E1E0754188315EA006A3BBE /* PlaylistCellView.h */ = {isa = PBXFileReference; fileEncoding = 4; lastKnownFileType = sourcecode.c.h; path = PlaylistCellView.h; sourceTree = "<group>"; };
		6E1E0755188315EA006A3BBE /* PlaylistCellView.m */ = {isa = PBXFileReference; fileEncoding = 4; lastKnownFileType = sourcecode.c.objc; path = PlaylistCellView.m; sourceTree = "<group>"; };
		6E36DB0D187AF65500533597 /* YTPlayerView.h */ = {isa = PBXFileReference; fileEncoding = 4; lastKnownFileType = sourcecode.c.h; path = YTPlayerView.h; sourceTree = "<group>"; };
		6E36DB0E187AF65500533597 /* YTPlayerView.m */ = {isa = PBXFileReference; fileEncoding = 4; lastKnownFileType = sourcecode.c.objc; path = YTPlayerView.m; sourceTree = "<group>"; };
		6E41F8591882BCC4009E1BD8 /* YTVideo.h */ = {isa = PBXFileReference; fileEncoding = 4; lastKnownFileType = sourcecode.c.h; path = YTVideo.h; sourceTree = "<group>"; };
		6E41F85A1882BCC4009E1BD8 /* YTVideo.m */ = {isa = PBXFileReference; fileEncoding = 4; lastKnownFileType = sourcecode.c.objc; path = YTVideo.m; sourceTree = "<group>"; };
		6E4999CF18D47453008D16A8 /* index.html */ = {isa = PBXFileReference; fileEncoding = 4; lastKnownFileType = text.html; path = index.html; sourceTree = "<group>"; usesTabs = 1; wrapsLines = 0; };
		6E4999D518D48475008D16A8 /* app.yaml */ = {isa = PBXFileReference; lastKnownFileType = text; path = app.yaml; sourceTree = "<group>"; };
		6E4999D618D48475008D16A8 /* application.py */ = {isa = PBXFileReference; lastKnownFileType = text.script.python; path = application.py; sourceTree = "<group>"; };
		6E4999D818D485A6008D16A8 /* favicon.ico */ = {isa = PBXFileReference; lastKnownFileType = image.ico; path = favicon.ico; sourceTree = "<group>"; };
		6E4999D918D485C2008D16A8 /* dev_appengine.sh */ = {isa = PBXFileReference; lastKnownFileType = text.script.sh; path = dev_appengine.sh; sourceTree = "<group>"; };
		6E4999DA18D487DF008D16A8 /* YouTube-icon-64x64.png */ = {isa = PBXFileReference; lastKnownFileType = image.png; path = "YouTube-icon-64x64.png"; sourceTree = "<group>"; };
		6E4999DE18D49179008D16A8 /* orientation.js */ = {isa = PBXFileReference; lastKnownFileType = sourcecode.javascript; path = orientation.js; sourceTree = "<group>"; };
		6E4999DF18D49179008D16A8 /* player.js */ = {isa = PBXFileReference; lastKnownFileType = sourcecode.javascript; path = player.js; sourceTree = "<group>"; wrapsLines = 0; };
		6E4999E118D49395008D16A8 /* style.css */ = {isa = PBXFileReference; lastKnownFileType = text.css; path = style.css; sourceTree = "<group>"; };
		6E4999E318D4A1F9008D16A8 /* deploy_appengine.sh */ = {isa = PBXFileReference; lastKnownFileType = text.script.sh; path = deploy_appengine.sh; sourceTree = "<group>"; };
		6E5BD3C318847D0A0074E883 /* YouTube-icon-76x76.png */ = {isa = PBXFileReference; lastKnownFileType = image.png; path = "YouTube-icon-76x76.png"; sourceTree = "<group>"; };
		6E5BD3C418847DB00074E883 /* YouTube-icon-152x152.png */ = {isa = PBXFileReference; lastKnownFileType = image.png; path = "YouTube-icon-152x152.png"; sourceTree = "<group>"; };
		6E9B649618743EE30018A427 /* YouTubePlayer.app */ = {isa = PBXFileReference; explicitFileType = wrapper.application; includeInIndex = 0; path = YouTubePlayer.app; sourceTree = BUILT_PRODUCTS_DIR; };
		6E9B649718743EE30018A427 /* Cocoa.framework */ = {isa = PBXFileReference; lastKnownFileType = wrapper.framework; name = Cocoa.framework; path = System/Library/Frameworks/Cocoa.framework; sourceTree = SDKROOT; };
		6E9B64CD18743F8A0018A427 /* AppDelegate.h */ = {isa = PBXFileReference; lastKnownFileType = sourcecode.c.h; path = AppDelegate.h; sourceTree = "<group>"; };
		6E9B64CE18743F8A0018A427 /* AppDelegate.m */ = {isa = PBXFileReference; lastKnownFileType = sourcecode.c.objc; path = AppDelegate.m; sourceTree = "<group>"; };
		6E9B64CF18743F8A0018A427 /* main.m */ = {isa = PBXFileReference; lastKnownFileType = sourcecode.c.objc; path = main.m; sourceTree = "<group>"; };
		6E9B64D0187440390018A427 /* YouTubePlayer-Info.plist */ = {isa = PBXFileReference; lastKnownFileType = text.plist.xml; path = "YouTubePlayer-Info.plist"; sourceTree = "<group>"; };
		6E9B64D11874413A0018A427 /* YouTubePlayerMain.xib */ = {isa = PBXFileReference; fileEncoding = 4; lastKnownFileType = file.xib; path = YouTubePlayerMain.xib; sourceTree = "<group>"; };
		6E9B64D7187442550018A427 /* YTPlayerView.h */ = {isa = PBXFileReference; fileEncoding = 4; lastKnownFileType = sourcecode.c.h; path = YTPlayerView.h; sourceTree = "<group>"; };
		6E9B64D8187442550018A427 /* YTPlayerView.m */ = {isa = PBXFileReference; fileEncoding = 4; lastKnownFileType = sourcecode.c.objc; path = YTPlayerView.m; sourceTree = "<group>"; wrapsLines = 0; };
		6E9B64DA187449030018A427 /* WebKit.framework */ = {isa = PBXFileReference; lastKnownFileType = wrapper.framework; name = WebKit.framework; path = System/Library/Frameworks/WebKit.framework; sourceTree = SDKROOT; };
		6E9B64DC1874533E0018A427 /* embed.html */ = {isa = PBXFileReference; fileEncoding = 4; lastKnownFileType = text.html; path = embed.html; sourceTree = "<group>"; };
		6EA9D473187AD19E007FDC01 /* YouTubePlayer_ios.app */ = {isa = PBXFileReference; explicitFileType = wrapper.application; includeInIndex = 0; path = YouTubePlayer_ios.app; sourceTree = BUILT_PRODUCTS_DIR; };
		6EA9D4AA187AD23B007FDC01 /* AppDelegate.h */ = {isa = PBXFileReference; lastKnownFileType = sourcecode.c.h; path = AppDelegate.h; sourceTree = "<group>"; };
		6EA9D4AB187AD23B007FDC01 /* AppDelegate.m */ = {isa = PBXFileReference; lastKnownFileType = sourcecode.c.objc; path = AppDelegate.m; sourceTree = "<group>"; };
		6EA9D4AD187AD23B007FDC01 /* Base */ = {isa = PBXFileReference; lastKnownFileType = file.storyboard; name = Base; path = Base.lproj/YouTubePlayeriPad.storyboard; sourceTree = "<group>"; };
		6EA9D4B3187AD23B007FDC01 /* main.m */ = {isa = PBXFileReference; lastKnownFileType = sourcecode.c.objc; path = main.m; sourceTree = "<group>"; };
		6EA9D4B4187AD23B007FDC01 /* ViewController.h */ = {isa = PBXFileReference; lastKnownFileType = sourcecode.c.h; path = ViewController.h; sourceTree = "<group>"; };
		6EA9D4B5187AD23B007FDC01 /* ViewController.m */ = {isa = PBXFileReference; lastKnownFileType = sourcecode.c.objc; path = ViewController.m; sourceTree = "<group>"; };
		6EA9D4B6187AD23B007FDC01 /* YouTubePlayer-Info.plist */ = {isa = PBXFileReference; lastKnownFileType = text.plist.xml; path = "YouTubePlayer-Info.plist"; sourceTree = "<group>"; };
		6EB2A8881882E89500C2A160 /* Icons.xcassets */ = {isa = PBXFileReference; lastKnownFileType = folder.assetcatalog; path = Icons.xcassets; sourceTree = "<group>"; };
		6EB2A88A1882EA6600C2A160 /* YouTube-icon-16x16.png */ = {isa = PBXFileReference; lastKnownFileType = image.png; path = "YouTube-icon-16x16.png"; sourceTree = "<group>"; };
		6EB2A88B1882EA6600C2A160 /* YouTube-icon-32x32.png */ = {isa = PBXFileReference; lastKnownFileType = image.png; path = "YouTube-icon-32x32.png"; sourceTree = "<group>"; };
		6EB2A88C1882EA6600C2A160 /* YouTube-icon-64x64.png */ = {isa = PBXFileReference; lastKnownFileType = image.png; path = "YouTube-icon-64x64.png"; sourceTree = "<group>"; };
		6EB2A88D1882EA6600C2A160 /* YouTube-icon-128x128.png */ = {isa = PBXFileReference; lastKnownFileType = image.png; path = "YouTube-icon-128x128.png"; sourceTree = "<group>"; };
		6EB2A88E1882EA6600C2A160 /* YouTube-icon-256x256.png */ = {isa = PBXFileReference; lastKnownFileType = image.png; path = "YouTube-icon-256x256.png"; sourceTree = "<group>"; };
		6EB2A88F1882EA6600C2A160 /* YouTube-icon-1024x721.png */ = {isa = PBXFileReference; lastKnownFileType = image.png; path = "YouTube-icon-1024x721.png"; sourceTree = "<group>"; };
		6EB2A8961882EC8F00C2A160 /* build-release.sh */ = {isa = PBXFileReference; lastKnownFileType = text.script.sh; path = "build-release.sh"; sourceTree = "<group>"; };
		6EB2A898188307C200C2A160 /* YouTube-logo-dark.png */ = {isa = PBXFileReference; lastKnownFileType = image.png; path = "YouTube-logo-dark.png"; sourceTree = "<group>"; };
		6EF14A4B1882D6D500E81854 /* screenshot.png */ = {isa = PBXFileReference; lastKnownFileType = image.png; path = screenshot.png; sourceTree = "<group>"; };
/* End PBXFileReference section */

/* Begin PBXFrameworksBuildPhase section */
		6E9B649318743EE30018A427 /* Frameworks */ = {
			isa = PBXFrameworksBuildPhase;
			buildActionMask = 2147483647;
			files = (
				6E9B64DB187449030018A427 /* WebKit.framework in Frameworks */,
				6E9B649818743EE30018A427 /* Cocoa.framework in Frameworks */,
			);
			runOnlyForDeploymentPostprocessing = 0;
		};
		6EA9D470187AD19E007FDC01 /* Frameworks */ = {
			isa = PBXFrameworksBuildPhase;
			buildActionMask = 2147483647;
			files = (
			);
			runOnlyForDeploymentPostprocessing = 0;
		};
/* End PBXFrameworksBuildPhase section */

/* Begin PBXGroup section */
		1424D300172C4D27009C773A /* Products */ = {
			isa = PBXGroup;
			children = (
				6E9B649618743EE30018A427 /* YouTubePlayer.app */,
				6EA9D473187AD19E007FDC01 /* YouTubePlayer_ios.app */,
			);
			name = Products;
			sourceTree = "<group>";
		};
		1424D301172C4D27009C773A /* Frameworks */ = {
			isa = PBXGroup;
			children = (
				6EA9D4A8187AD201007FDC01 /* ios */,
				6EA9D4A7187AD1DE007FDC01 /* mac */,
			);
			name = Frameworks;
			sourceTree = "<group>";
		};
		14CA1D33172C4CB6000A1AF4 = {
			isa = PBXGroup;
			children = (
				1406A77C18757FF3004181BC /* README.md */,
				1406A77D1875804F004181BC /* NOTICE.md */,
				6E4999D518D48475008D16A8 /* app.yaml */,
				6E4999D618D48475008D16A8 /* application.py */,
				6E9B64C918743F8A0018A427 /* src */,
				6E4999CC18D4700D008D16A8 /* www */,
				6EF14A4A1882D6D500E81854 /* etc */,
				6E11B4B9187B12AC0008934E /* third_party */,
				1424D301172C4D27009C773A /* Frameworks */,
				1424D300172C4D27009C773A /* Products */,
			);
			sourceTree = "<group>";
		};
		6E11B4B9187B12AC0008934E /* third_party */ = {
			isa = PBXGroup;
			children = (
			);
			path = third_party;
			sourceTree = "<group>";
		};
		6E4999CC18D4700D008D16A8 /* www */ = {
			isa = PBXGroup;
			children = (
				6E4999E018D49395008D16A8 /* css */,
				6E4999DD18D49179008D16A8 /* js */,
				6E4999D718D485A6008D16A8 /* img */,
				6E4999CF18D47453008D16A8 /* index.html */,
			);
			path = www;
			sourceTree = "<group>";
		};
		6E4999D718D485A6008D16A8 /* img */ = {
			isa = PBXGroup;
			children = (
				6E4999DA18D487DF008D16A8 /* YouTube-icon-64x64.png */,
				6E4999D818D485A6008D16A8 /* favicon.ico */,
			);
			path = img;
			sourceTree = "<group>";
		};
		6E4999DD18D49179008D16A8 /* js */ = {
			isa = PBXGroup;
			children = (
				6E4999DE18D49179008D16A8 /* orientation.js */,
				6E4999DF18D49179008D16A8 /* player.js */,
			);
			path = js;
			sourceTree = "<group>";
		};
		6E4999E018D49395008D16A8 /* css */ = {
			isa = PBXGroup;
			children = (
				6E4999E118D49395008D16A8 /* style.css */,
			);
			path = css;
			sourceTree = "<group>";
		};
		6E5BD3BF18847A700074E883 /* Resources etc */ = {
			isa = PBXGroup;
			children = (
				6E9B64D0187440390018A427 /* YouTubePlayer-Info.plist */,
				6E9B64CF18743F8A0018A427 /* main.m */,
				6E9B64D11874413A0018A427 /* YouTubePlayerMain.xib */,
				6E9B64DC1874533E0018A427 /* embed.html */,
			);
			name = "Resources etc";
			sourceTree = "<group>";
		};
		6E5BD3C018847A890074E883 /* Resources etc */ = {
			isa = PBXGroup;
			children = (
				6EA9D4B6187AD23B007FDC01 /* YouTubePlayer-Info.plist */,
				6EA9D4AC187AD23B007FDC01 /* YouTubePlayeriPad.storyboard */,
				6EA9D4B3187AD23B007FDC01 /* main.m */,
			);
			name = "Resources etc";
			sourceTree = "<group>";
		};
		6E9B64C918743F8A0018A427 /* src */ = {
			isa = PBXGroup;
			children = (
				6E9B64CB18743F8A0018A427 /* mac */,
				6E9B64CA18743F8A0018A427 /* ios */,
			);
			path = src;
			sourceTree = "<group>";
		};
		6E9B64CA18743F8A0018A427 /* ios */ = {
			isa = PBXGroup;
			children = (
				6EA9D4A9187AD23B007FDC01 /* YouTubePlayer */,
			);
			path = ios;
			sourceTree = "<group>";
		};
		6E9B64CB18743F8A0018A427 /* mac */ = {
			isa = PBXGroup;
			children = (
				6E9B64CC18743F8A0018A427 /* YouTubePlayer */,
			);
			path = mac;
			sourceTree = "<group>";
		};
		6E9B64CC18743F8A0018A427 /* YouTubePlayer */ = {
			isa = PBXGroup;
			children = (
				6E11B4B5187B006B0008934E /* DataSource.h */,
				6E11B4B6187B006B0008934E /* DataSource.m */,
				6E41F8591882BCC4009E1BD8 /* YTVideo.h */,
				6E41F85A1882BCC4009E1BD8 /* YTVideo.m */,
				6E9B64CD18743F8A0018A427 /* AppDelegate.h */,
				6E9B64CE18743F8A0018A427 /* AppDelegate.m */,
				6E1E0754188315EA006A3BBE /* PlaylistCellView.h */,
				6E1E0755188315EA006A3BBE /* PlaylistCellView.m */,
				6E9B64D7187442550018A427 /* YTPlayerView.h */,
				6E9B64D8187442550018A427 /* YTPlayerView.m */,
				6E5BD3BF18847A700074E883 /* Resources etc */,
			);
			path = YouTubePlayer;
			sourceTree = "<group>";
		};
		6EA9D4A7187AD1DE007FDC01 /* mac */ = {
			isa = PBXGroup;
			children = (
				6E9B64DA187449030018A427 /* WebKit.framework */,
				6E9B649718743EE30018A427 /* Cocoa.framework */,
			);
			name = mac;
			sourceTree = "<group>";
		};
		6EA9D4A8187AD201007FDC01 /* ios */ = {
			isa = PBXGroup;
			children = (
			);
			name = ios;
			sourceTree = "<group>";
		};
		6EA9D4A9187AD23B007FDC01 /* YouTubePlayer */ = {
			isa = PBXGroup;
			children = (
				6EA9D4AA187AD23B007FDC01 /* AppDelegate.h */,
				6EA9D4AB187AD23B007FDC01 /* AppDelegate.m */,
				6E36DB0D187AF65500533597 /* YTPlayerView.h */,
				6E36DB0E187AF65500533597 /* YTPlayerView.m */,
				6EA9D4B4187AD23B007FDC01 /* ViewController.h */,
				6EA9D4B5187AD23B007FDC01 /* ViewController.m */,
				6E5BD3C018847A890074E883 /* Resources etc */,
			);
			path = YouTubePlayer;
			sourceTree = "<group>";
		};
		6EF14A4A1882D6D500E81854 /* etc */ = {
			isa = PBXGroup;
			children = (
				6E4999E318D4A1F9008D16A8 /* deploy_appengine.sh */,
				6E4999D918D485C2008D16A8 /* dev_appengine.sh */,
				6EB2A8961882EC8F00C2A160 /* build-release.sh */,
				6EB2A88A1882EA6600C2A160 /* YouTube-icon-16x16.png */,
				6EB2A88B1882EA6600C2A160 /* YouTube-icon-32x32.png */,
				6EB2A88C1882EA6600C2A160 /* YouTube-icon-64x64.png */,
				6E5BD3C318847D0A0074E883 /* YouTube-icon-76x76.png */,
				6EB2A88D1882EA6600C2A160 /* YouTube-icon-128x128.png */,
				6E5BD3C418847DB00074E883 /* YouTube-icon-152x152.png */,
				6EB2A88E1882EA6600C2A160 /* YouTube-icon-256x256.png */,
				6EB2A88F1882EA6600C2A160 /* YouTube-icon-1024x721.png */,
				6EB2A898188307C200C2A160 /* YouTube-logo-dark.png */,
				6EF14A4B1882D6D500E81854 /* screenshot.png */,
				6EB2A8881882E89500C2A160 /* Icons.xcassets */,
			);
			path = etc;
			sourceTree = "<group>";
		};
/* End PBXGroup section */

/* Begin PBXNativeTarget section */
		6E9B649518743EE30018A427 /* YouTubePlayer_mac */ = {
			isa = PBXNativeTarget;
			buildConfigurationList = 6E9B64C318743EE40018A427 /* Build configuration list for PBXNativeTarget "YouTubePlayer_mac" */;
			buildPhases = (
				6E9B649218743EE30018A427 /* Sources */,
				6E9B649318743EE30018A427 /* Frameworks */,
				6E9B649418743EE30018A427 /* Resources */,
			);
			buildRules = (
			);
			dependencies = (
			);
			name = YouTubePlayer_mac;
			productName = YouTubePlayer;
			productReference = 6E9B649618743EE30018A427 /* YouTubePlayer.app */;
			productType = "com.apple.product-type.application";
		};
		6EA9D472187AD19E007FDC01 /* YouTubePlayer_ios */ = {
			isa = PBXNativeTarget;
			buildConfigurationList = 6EA9D4A1187AD19E007FDC01 /* Build configuration list for PBXNativeTarget "YouTubePlayer_ios" */;
			buildPhases = (
				6EA9D46F187AD19E007FDC01 /* Sources */,
				6EA9D470187AD19E007FDC01 /* Frameworks */,
				6EA9D471187AD19E007FDC01 /* Resources */,
			);
			buildRules = (
			);
			dependencies = (
			);
			name = YouTubePlayer_ios;
			productName = YouTubePlayer_ios;
			productReference = 6EA9D473187AD19E007FDC01 /* YouTubePlayer_ios.app */;
			productType = "com.apple.product-type.application";
		};
/* End PBXNativeTarget section */

/* Begin PBXProject section */
		14CA1D34172C4CB6000A1AF4 /* Project object */ = {
			isa = PBXProject;
			attributes = {
				LastUpgradeCheck = 0510;
				TargetAttributes = {
					6E9B649518743EE30018A427 = {
						DevelopmentTeam = R49J2KW76G;
					};
					6EA9D472187AD19E007FDC01 = {
						DevelopmentTeam = R49J2KW76G;
					};
				};
			};
			buildConfigurationList = 14CA1D37172C4CB6000A1AF4 /* Build configuration list for PBXProject "YouTubePlayerKit" */;
			compatibilityVersion = "Xcode 3.2";
			developmentRegion = English;
			hasScannedForEncodings = 0;
			knownRegions = (
				en,
				Base,
			);
			mainGroup = 14CA1D33172C4CB6000A1AF4;
			productRefGroup = 1424D300172C4D27009C773A /* Products */;
			projectDirPath = "";
			projectRoot = "";
			targets = (
				6E9B649518743EE30018A427 /* YouTubePlayer_mac */,
				6EA9D472187AD19E007FDC01 /* YouTubePlayer_ios */,
			);
		};
/* End PBXProject section */

/* Begin PBXResourcesBuildPhase section */
		6E9B649418743EE30018A427 /* Resources */ = {
			isa = PBXResourcesBuildPhase;
			buildActionMask = 2147483647;
			files = (
				6EB2A899188307C200C2A160 /* YouTube-logo-dark.png in Resources */,
				6E9B64DD1874533E0018A427 /* embed.html in Resources */,
				6EB2A8891882E89500C2A160 /* Icons.xcassets in Resources */,
				6E9B64D21874413A0018A427 /* YouTubePlayerMain.xib in Resources */,
				6EB2A89A18830C1D00C2A160 /* NOTICE.md in Resources */,
			);
			runOnlyForDeploymentPostprocessing = 0;
		};
		6EA9D471187AD19E007FDC01 /* Resources */ = {
			isa = PBXResourcesBuildPhase;
			buildActionMask = 2147483647;
			files = (
				6E36DB0B187AF5B400533597 /* YouTubePlayeriPad.storyboard in Resources */,
			);
			runOnlyForDeploymentPostprocessing = 0;
		};
/* End PBXResourcesBuildPhase section */

/* Begin PBXSourcesBuildPhase section */
		6E9B649218743EE30018A427 /* Sources */ = {
			isa = PBXSourcesBuildPhase;
			buildActionMask = 2147483647;
			files = (
				6E1E0756188315EA006A3BBE /* PlaylistCellView.m in Sources */,
				6E41F85B1882BCC4009E1BD8 /* YTVideo.m in Sources */,
				6E9B64D4187441BA0018A427 /* main.m in Sources */,
				6E9B64D3187441B70018A427 /* AppDelegate.m in Sources */,
				6E11B4B7187B006B0008934E /* DataSource.m in Sources */,
				6E9B64D9187442550018A427 /* YTPlayerView.m in Sources */,
			);
			runOnlyForDeploymentPostprocessing = 0;
		};
		6EA9D46F187AD19E007FDC01 /* Sources */ = {
			isa = PBXSourcesBuildPhase;
			buildActionMask = 2147483647;
			files = (
				6E36DB09187AF55300533597 /* ViewController.m in Sources */,
				6E36DB0A187AF57900533597 /* main.m in Sources */,
				6E36DB0F187AF65500533597 /* YTPlayerView.m in Sources */,
				6E36DB08187AF55000533597 /* AppDelegate.m in Sources */,
			);
			runOnlyForDeploymentPostprocessing = 0;
		};
/* End PBXSourcesBuildPhase section */

/* Begin PBXVariantGroup section */
		6EA9D4AC187AD23B007FDC01 /* YouTubePlayeriPad.storyboard */ = {
			isa = PBXVariantGroup;
			children = (
				6EA9D4AD187AD23B007FDC01 /* Base */,
			);
			name = YouTubePlayeriPad.storyboard;
			sourceTree = "<group>";
		};
/* End PBXVariantGroup section */

/* Begin XCBuildConfiguration section */
		14CA1D38172C4CB6000A1AF4 /* Debug */ = {
			isa = XCBuildConfiguration;
			buildSettings = {
				MACOSX_DEPLOYMENT_TARGET = 10.8;
				ONLY_ACTIVE_ARCH = YES;
			};
			name = Debug;
		};
		14CA1D39172C4CB6000A1AF4 /* Release */ = {
			isa = XCBuildConfiguration;
			buildSettings = {
				MACOSX_DEPLOYMENT_TARGET = 10.8;
			};
			name = Release;
		};
		6E9B64C418743EE40018A427 /* Debug */ = {
			isa = XCBuildConfiguration;
			buildSettings = {
				ALWAYS_SEARCH_USER_PATHS = NO;
				ASSETCATALOG_COMPILER_APPICON_NAME = AppIcon;
				CLANG_CXX_LANGUAGE_STANDARD = "gnu++0x";
				CLANG_CXX_LIBRARY = "libc++";
				CLANG_ENABLE_OBJC_ARC = YES;
				CLANG_WARN_BOOL_CONVERSION = YES;
				CLANG_WARN_CONSTANT_CONVERSION = YES;
				CLANG_WARN_DIRECT_OBJC_ISA_USAGE = YES_ERROR;
				CLANG_WARN_EMPTY_BODY = YES;
				CLANG_WARN_ENUM_CONVERSION = YES;
				CLANG_WARN_INT_CONVERSION = YES;
				CLANG_WARN_OBJC_ROOT_CLASS = YES_ERROR;
				CLANG_WARN__DUPLICATE_METHOD_MATCH = YES;
				CODE_SIGN_IDENTITY = "Mac Developer";
				"CODE_SIGN_IDENTITY[sdk=macosx*]" = "Mac Developer";
				COMBINE_HIDPI_IMAGES = YES;
				COPY_PHASE_STRIP = NO;
				DEBUG_INFORMATION_FORMAT = "dwarf-with-dsym";
				GCC_C_LANGUAGE_STANDARD = gnu99;
				GCC_DYNAMIC_NO_PIC = NO;
				GCC_ENABLE_OBJC_EXCEPTIONS = YES;
				GCC_OPTIMIZATION_LEVEL = 0;
				GCC_PRECOMPILE_PREFIX_HEADER = YES;
				GCC_PREPROCESSOR_DEFINITIONS = (
					"DEBUG=1",
					"$(inherited)",
				);
				GCC_SYMBOLS_PRIVATE_EXTERN = NO;
				GCC_WARN_64_TO_32_BIT_CONVERSION = YES;
				GCC_WARN_ABOUT_RETURN_TYPE = YES_ERROR;
				GCC_WARN_UNDECLARED_SELECTOR = YES;
				GCC_WARN_UNINITIALIZED_AUTOS = YES;
				GCC_WARN_UNUSED_FUNCTION = YES;
				GCC_WARN_UNUSED_VARIABLE = YES;
				INFOPLIST_FILE = "$(SRCROOT)/src/mac/YouTubePlayer/YouTubePlayer-Info.plist";
				MACOSX_DEPLOYMENT_TARGET = 10.8;
				PRODUCT_NAME = YouTubePlayer;
				PROVISIONING_PROFILE = "";
				SDKROOT = macosx;
				WRAPPER_EXTENSION = app;
			};
			name = Debug;
		};
		6E9B64C518743EE40018A427 /* Release */ = {
			isa = XCBuildConfiguration;
			buildSettings = {
				ALWAYS_SEARCH_USER_PATHS = NO;
				ASSETCATALOG_COMPILER_APPICON_NAME = AppIcon;
				CLANG_CXX_LANGUAGE_STANDARD = "gnu++0x";
				CLANG_CXX_LIBRARY = "libc++";
				CLANG_ENABLE_OBJC_ARC = YES;
				CLANG_WARN_BOOL_CONVERSION = YES;
				CLANG_WARN_CONSTANT_CONVERSION = YES;
				CLANG_WARN_DIRECT_OBJC_ISA_USAGE = YES_ERROR;
				CLANG_WARN_EMPTY_BODY = YES;
				CLANG_WARN_ENUM_CONVERSION = YES;
				CLANG_WARN_INT_CONVERSION = YES;
				CLANG_WARN_OBJC_ROOT_CLASS = YES_ERROR;
				CLANG_WARN__DUPLICATE_METHOD_MATCH = YES;
				CODE_SIGN_IDENTITY = "Mac Developer";
				"CODE_SIGN_IDENTITY[sdk=macosx*]" = "Mac Developer";
				COMBINE_HIDPI_IMAGES = YES;
				COPY_PHASE_STRIP = YES;
				DEBUG_INFORMATION_FORMAT = "dwarf-with-dsym";
				ENABLE_NS_ASSERTIONS = NO;
				GCC_C_LANGUAGE_STANDARD = gnu99;
				GCC_ENABLE_OBJC_EXCEPTIONS = YES;
				GCC_PRECOMPILE_PREFIX_HEADER = YES;
				GCC_WARN_64_TO_32_BIT_CONVERSION = YES;
				GCC_WARN_ABOUT_RETURN_TYPE = YES_ERROR;
				GCC_WARN_UNDECLARED_SELECTOR = YES;
				GCC_WARN_UNINITIALIZED_AUTOS = YES;
				GCC_WARN_UNUSED_FUNCTION = YES;
				GCC_WARN_UNUSED_VARIABLE = YES;
				INFOPLIST_FILE = "$(SRCROOT)/src/mac/YouTubePlayer/YouTubePlayer-Info.plist";
				MACOSX_DEPLOYMENT_TARGET = 10.8;
				PRODUCT_NAME = YouTubePlayer;
				PROVISIONING_PROFILE = "";
				SDKROOT = macosx;
				WRAPPER_EXTENSION = app;
			};
			name = Release;
		};
		6EA9D4A2187AD19E007FDC01 /* Debug */ = {
			isa = XCBuildConfiguration;
			buildSettings = {
				ALWAYS_SEARCH_USER_PATHS = NO;
				ASSETCATALOG_COMPILER_APPICON_NAME = YouTubePlayer;
				CLANG_CXX_LANGUAGE_STANDARD = "gnu++0x";
				CLANG_CXX_LIBRARY = "libc++";
				CLANG_ENABLE_MODULES = YES;
				CLANG_ENABLE_OBJC_ARC = YES;
				CLANG_WARN_BOOL_CONVERSION = YES;
				CLANG_WARN_CONSTANT_CONVERSION = YES;
				CLANG_WARN_DIRECT_OBJC_ISA_USAGE = YES_ERROR;
				CLANG_WARN_EMPTY_BODY = YES;
				CLANG_WARN_ENUM_CONVERSION = YES;
				CLANG_WARN_INT_CONVERSION = YES;
				CLANG_WARN_OBJC_ROOT_CLASS = YES_ERROR;
				CLANG_WARN__DUPLICATE_METHOD_MATCH = YES;
				CODE_SIGN_IDENTITY = "iPhone Developer";
				"CODE_SIGN_IDENTITY[sdk=iphoneos*]" = "iPhone Developer";
				COPY_PHASE_STRIP = NO;
				FRAMEWORK_SEARCH_PATHS = (
					"$(inherited)",
					"$(DEVELOPER_FRAMEWORKS_DIR)",
				);
				GCC_C_LANGUAGE_STANDARD = gnu99;
				GCC_DYNAMIC_NO_PIC = NO;
				GCC_OPTIMIZATION_LEVEL = 0;
				GCC_PRECOMPILE_PREFIX_HEADER = YES;
				GCC_PREPROCESSOR_DEFINITIONS = (
					"DEBUG=1",
					"$(inherited)",
				);
				GCC_SYMBOLS_PRIVATE_EXTERN = NO;
				GCC_WARN_64_TO_32_BIT_CONVERSION = YES;
				GCC_WARN_ABOUT_RETURN_TYPE = YES_ERROR;
				GCC_WARN_UNDECLARED_SELECTOR = YES;
				GCC_WARN_UNINITIALIZED_AUTOS = YES;
				GCC_WARN_UNUSED_FUNCTION = YES;
				GCC_WARN_UNUSED_VARIABLE = YES;
				INFOPLIST_FILE = "$(SRCROOT)/src/ios/YouTubePlayer/YouTubePlayer-Info.plist";
				IPHONEOS_DEPLOYMENT_TARGET = 7.0;
				PRODUCT_NAME = "$(TARGET_NAME)";
				PROVISIONING_PROFILE = "";
				SDKROOT = iphoneos;
				TARGETED_DEVICE_FAMILY = 2;
				WRAPPER_EXTENSION = app;
			};
			name = Debug;
		};
		6EA9D4A3187AD19E007FDC01 /* Release */ = {
			isa = XCBuildConfiguration;
			buildSettings = {
				ALWAYS_SEARCH_USER_PATHS = NO;
				ASSETCATALOG_COMPILER_APPICON_NAME = YouTubePlayer;
				CLANG_CXX_LANGUAGE_STANDARD = "gnu++0x";
				CLANG_CXX_LIBRARY = "libc++";
				CLANG_ENABLE_MODULES = YES;
				CLANG_ENABLE_OBJC_ARC = YES;
				CLANG_WARN_BOOL_CONVERSION = YES;
				CLANG_WARN_CONSTANT_CONVERSION = YES;
				CLANG_WARN_DIRECT_OBJC_ISA_USAGE = YES_ERROR;
				CLANG_WARN_EMPTY_BODY = YES;
				CLANG_WARN_ENUM_CONVERSION = YES;
				CLANG_WARN_INT_CONVERSION = YES;
				CLANG_WARN_OBJC_ROOT_CLASS = YES_ERROR;
				CLANG_WARN__DUPLICATE_METHOD_MATCH = YES;
				CODE_SIGN_IDENTITY = "iPhone Developer";
				"CODE_SIGN_IDENTITY[sdk=iphoneos*]" = "iPhone Developer";
				COPY_PHASE_STRIP = YES;
				ENABLE_NS_ASSERTIONS = NO;
				FRAMEWORK_SEARCH_PATHS = (
					"$(inherited)",
					"$(DEVELOPER_FRAMEWORKS_DIR)",
				);
				GCC_C_LANGUAGE_STANDARD = gnu99;
				GCC_PRECOMPILE_PREFIX_HEADER = YES;
				GCC_WARN_64_TO_32_BIT_CONVERSION = YES;
				GCC_WARN_ABOUT_RETURN_TYPE = YES_ERROR;
				GCC_WARN_UNDECLARED_SELECTOR = YES;
				GCC_WARN_UNINITIALIZED_AUTOS = YES;
				GCC_WARN_UNUSED_FUNCTION = YES;
				GCC_WARN_UNUSED_VARIABLE = YES;
				INFOPLIST_FILE = "$(SRCROOT)/src/ios/YouTubePlayer/YouTubePlayer-Info.plist";
				IPHONEOS_DEPLOYMENT_TARGET = 7.0;
				PRODUCT_NAME = "$(TARGET_NAME)";
				PROVISIONING_PROFILE = "";
				SDKROOT = iphoneos;
				TARGETED_DEVICE_FAMILY = 2;
				VALIDATE_PRODUCT = YES;
				WRAPPER_EXTENSION = app;
			};
			name = Release;
		};
/* End XCBuildConfiguration section */

/* Begin XCConfigurationList section */
		14CA1D37172C4CB6000A1AF4 /* Build configuration list for PBXProject "YouTubePlayerKit" */ = {
			isa = XCConfigurationList;
			buildConfigurations = (
				14CA1D38172C4CB6000A1AF4 /* Debug */,
				14CA1D39172C4CB6000A1AF4 /* Release */,
			);
			defaultConfigurationIsVisible = 0;
			defaultConfigurationName = Release;
		};
		6E9B64C318743EE40018A427 /* Build configuration list for PBXNativeTarget "YouTubePlayer_mac" */ = {
			isa = XCConfigurationList;
			buildConfigurations = (
				6E9B64C418743EE40018A427 /* Debug */,
				6E9B64C518743EE40018A427 /* Release */,
			);
			defaultConfigurationIsVisible = 0;
			defaultConfigurationName = Release;
		};
		6EA9D4A1187AD19E007FDC01 /* Build configuration list for PBXNativeTarget "YouTubePlayer_ios" */ = {
			isa = XCConfigurationList;
			buildConfigurations = (
				6EA9D4A2187AD19E007FDC01 /* Debug */,
				6EA9D4A3187AD19E007FDC01 /* Release */,
			);
			defaultConfigurationIsVisible = 0;
			defaultConfigurationName = Release;
		};
/* End XCConfigurationList section */
	};
	rootObject = 14CA1D34172C4CB6000A1AF4 /* Project object */;
}
