// !$*UTF8*$!
{
	archiveVersion = 1;
	classes = {
	};
	objectVersion = 46;
	objects = {

/* Begin PBXBuildFile section */
		6E9B649818743EE30018A427 /* Cocoa.framework in Frameworks */ = {isa = PBXBuildFile; fileRef = 6E9B649718743EE30018A427 /* Cocoa.framework */; };
/* End PBXBuildFile section */

/* Begin PBXFileReference section */
		6E9B649618743EE30018A427 /* YouTubePlayer.app */ = {isa = PBXFileReference; explicitFileType = wrapper.application; includeInIndex = 0; path = YouTubePlayer.app; sourceTree = BUILT_PRODUCTS_DIR; };
		6E9B649718743EE30018A427 /* Cocoa.framework */ = {isa = PBXFileReference; lastKnownFileType = wrapper.framework; name = Cocoa.framework; path = System/Library/Frameworks/Cocoa.framework; sourceTree = SDKROOT; };
		6E9B64CD18743F8A0018A427 /* AppDelegate.h */ = {isa = PBXFileReference; lastKnownFileType = sourcecode.c.h; path = AppDelegate.h; sourceTree = "<group>"; };
		6E9B64CE18743F8A0018A427 /* AppDelegate.m */ = {isa = PBXFileReference; lastKnownFileType = sourcecode.c.objc; path = AppDelegate.m; sourceTree = "<group>"; };
		6E9B64CF18743F8A0018A427 /* main.m */ = {isa = PBXFileReference; lastKnownFileType = sourcecode.c.objc; path = main.m; sourceTree = "<group>"; };
/* End PBXFileReference section */

/* Begin PBXFrameworksBuildPhase section */
		6E9B649318743EE30018A427 /* Frameworks */ = {
			isa = PBXFrameworksBuildPhase;
			buildActionMask = 2147483647;
			files = (
				6E9B649818743EE30018A427 /* Cocoa.framework in Frameworks */,
			);
			runOnlyForDeploymentPostprocessing = 0;
		};
/* End PBXFrameworksBuildPhase section */

/* Begin PBXGroup section */
		1424D300172C4D27009C773A /* Products */ = {
			isa = PBXGroup;
			children = (
				6E9B649618743EE30018A427 /* YouTubePlayer.app */,
			);
			name = Products;
			sourceTree = "<group>";
		};
		1424D301172C4D27009C773A /* Frameworks */ = {
			isa = PBXGroup;
			children = (
				6E9B649718743EE30018A427 /* Cocoa.framework */,
			);
			name = Frameworks;
			sourceTree = "<group>";
		};
		14CA1D33172C4CB6000A1AF4 = {
			isa = PBXGroup;
			children = (
				6E9B64C918743F8A0018A427 /* src */,
				1424D301172C4D27009C773A /* Frameworks */,
				1424D300172C4D27009C773A /* Products */,
			);
			sourceTree = "<group>";
		};
		6E9B64C918743F8A0018A427 /* src */ = {
			isa = PBXGroup;
			children = (
				6E9B64CB18743F8A0018A427 /* mac */,
				6E9B64CA18743F8A0018A427 /* ios */,
			);
			path = src;
			sourceTree = "<group>";
		};
		6E9B64CA18743F8A0018A427 /* ios */ = {
			isa = PBXGroup;
			children = (
			);
			path = ios;
			sourceTree = "<group>";
		};
		6E9B64CB18743F8A0018A427 /* mac */ = {
			isa = PBXGroup;
			children = (
				6E9B64CC18743F8A0018A427 /* YouTubePlayer */,
			);
			path = mac;
			sourceTree = "<group>";
		};
		6E9B64CC18743F8A0018A427 /* YouTubePlayer */ = {
			isa = PBXGroup;
			children = (
				6E9B64CD18743F8A0018A427 /* AppDelegate.h */,
				6E9B64CE18743F8A0018A427 /* AppDelegate.m */,
				6E9B64CF18743F8A0018A427 /* main.m */,
			);
			path = YouTubePlayer;
			sourceTree = "<group>";
		};
/* End PBXGroup section */

/* Begin PBXNativeTarget section */
		6E9B649518743EE30018A427 /* YouTubePlayer */ = {
			isa = PBXNativeTarget;
			buildConfigurationList = 6E9B64C318743EE40018A427 /* Build configuration list for PBXNativeTarget "YouTubePlayer" */;
			buildPhases = (
				6E9B649218743EE30018A427 /* Sources */,
				6E9B649318743EE30018A427 /* Frameworks */,
				6E9B649418743EE30018A427 /* Resources */,
			);
			buildRules = (
			);
			dependencies = (
			);
			name = YouTubePlayer;
			productName = YouTubePlayer;
			productReference = 6E9B649618743EE30018A427 /* YouTubePlayer.app */;
			productType = "com.apple.product-type.application";
		};
/* End PBXNativeTarget section */

/* Begin PBXProject section */
		14CA1D34172C4CB6000A1AF4 /* Project object */ = {
			isa = PBXProject;
			attributes = {
				LastUpgradeCheck = 0500;
			};
			buildConfigurationList = 14CA1D37172C4CB6000A1AF4 /* Build configuration list for PBXProject "YouTubePlayerKit" */;
			compatibilityVersion = "Xcode 3.2";
			developmentRegion = English;
			hasScannedForEncodings = 0;
			knownRegions = (
				en,
				Base,
			);
			mainGroup = 14CA1D33172C4CB6000A1AF4;
			productRefGroup = 1424D300172C4D27009C773A /* Products */;
			projectDirPath = "";
			projectRoot = "";
			targets = (
				6E9B649518743EE30018A427 /* YouTubePlayer */,
			);
		};
/* End PBXProject section */

/* Begin PBXResourcesBuildPhase section */
		6E9B649418743EE30018A427 /* Resources */ = {
			isa = PBXResourcesBuildPhase;
			buildActionMask = 2147483647;
			files = (
			);
			runOnlyForDeploymentPostprocessing = 0;
		};
/* End PBXResourcesBuildPhase section */

/* Begin PBXSourcesBuildPhase section */
		6E9B649218743EE30018A427 /* Sources */ = {
			isa = PBXSourcesBuildPhase;
			buildActionMask = 2147483647;
			files = (
			);
			runOnlyForDeploymentPostprocessing = 0;
		};
/* End PBXSourcesBuildPhase section */

/* Begin XCBuildConfiguration section */
		14CA1D38172C4CB6000A1AF4 /* Debug */ = {
			isa = XCBuildConfiguration;
			buildSettings = {
				ONLY_ACTIVE_ARCH = YES;
			};
			name = Debug;
		};
		14CA1D39172C4CB6000A1AF4 /* Release */ = {
			isa = XCBuildConfiguration;
			buildSettings = {
			};
			name = Release;
		};
		6E9B64C418743EE40018A427 /* Debug */ = {
			isa = XCBuildConfiguration;
			buildSettings = {
				ALWAYS_SEARCH_USER_PATHS = NO;
				ASSETCATALOG_COMPILER_APPICON_NAME = AppIcon;
				CLANG_CXX_LANGUAGE_STANDARD = "gnu++0x";
				CLANG_CXX_LIBRARY = "libc++";
				CLANG_ENABLE_OBJC_ARC = YES;
				CLANG_WARN_BOOL_CONVERSION = YES;
				CLANG_WARN_CONSTANT_CONVERSION = YES;
				CLANG_WARN_DIRECT_OBJC_ISA_USAGE = YES_ERROR;
				CLANG_WARN_EMPTY_BODY = YES;
				CLANG_WARN_ENUM_CONVERSION = YES;
				CLANG_WARN_INT_CONVERSION = YES;
				CLANG_WARN_OBJC_ROOT_CLASS = YES_ERROR;
				CLANG_WARN__DUPLICATE_METHOD_MATCH = YES;
				COMBINE_HIDPI_IMAGES = YES;
				COPY_PHASE_STRIP = NO;
				GCC_C_LANGUAGE_STANDARD = gnu99;
				GCC_DYNAMIC_NO_PIC = NO;
				GCC_ENABLE_OBJC_EXCEPTIONS = YES;
				GCC_OPTIMIZATION_LEVEL = 0;
				GCC_PRECOMPILE_PREFIX_HEADER = YES;
				GCC_PREFIX_HEADER = "YouTubePlayer/YouTubePlayer-Prefix.pch";
				GCC_PREPROCESSOR_DEFINITIONS = (
					"DEBUG=1",
					"$(inherited)",
				);
				GCC_SYMBOLS_PRIVATE_EXTERN = NO;
				GCC_WARN_64_TO_32_BIT_CONVERSION = YES;
				GCC_WARN_ABOUT_RETURN_TYPE = YES_ERROR;
				GCC_WARN_UNDECLARED_SELECTOR = YES;
				GCC_WARN_UNINITIALIZED_AUTOS = YES;
				GCC_WARN_UNUSED_FUNCTION = YES;
				GCC_WARN_UNUSED_VARIABLE = YES;
				INFOPLIST_FILE = "YouTubePlayer/YouTubePlayer-Info.plist";
				MACOSX_DEPLOYMENT_TARGET = 10.9;
				PRODUCT_NAME = "$(TARGET_NAME)";
				SDKROOT = macosx;
				WRAPPER_EXTENSION = app;
			};
			name = Debug;
		};
		6E9B64C518743EE40018A427 /* Release */ = {
			isa = XCBuildConfiguration;
			buildSettings = {
				ALWAYS_SEARCH_USER_PATHS = NO;
				ASSETCATALOG_COMPILER_APPICON_NAME = AppIcon;
				CLANG_CXX_LANGUAGE_STANDARD = "gnu++0x";
				CLANG_CXX_LIBRARY = "libc++";
				CLANG_ENABLE_OBJC_ARC = YES;
				CLANG_WARN_BOOL_CONVERSION = YES;
				CLANG_WARN_CONSTANT_CONVERSION = YES;
				CLANG_WARN_DIRECT_OBJC_ISA_USAGE = YES_ERROR;
				CLANG_WARN_EMPTY_BODY = YES;
				CLANG_WARN_ENUM_CONVERSION = YES;
				CLANG_WARN_INT_CONVERSION = YES;
				CLANG_WARN_OBJC_ROOT_CLASS = YES_ERROR;
				CLANG_WARN__DUPLICATE_METHOD_MATCH = YES;
				COMBINE_HIDPI_IMAGES = YES;
				COPY_PHASE_STRIP = YES;
				DEBUG_INFORMATION_FORMAT = "dwarf-with-dsym";
				ENABLE_NS_ASSERTIONS = NO;
				GCC_C_LANGUAGE_STANDARD = gnu99;
				GCC_ENABLE_OBJC_EXCEPTIONS = YES;
				GCC_PRECOMPILE_PREFIX_HEADER = YES;
				GCC_PREFIX_HEADER = "YouTubePlayer/YouTubePlayer-Prefix.pch";
				GCC_WARN_64_TO_32_BIT_CONVERSION = YES;
				GCC_WARN_ABOUT_RETURN_TYPE = YES_ERROR;
				GCC_WARN_UNDECLARED_SELECTOR = YES;
				GCC_WARN_UNINITIALIZED_AUTOS = YES;
				GCC_WARN_UNUSED_FUNCTION = YES;
				GCC_WARN_UNUSED_VARIABLE = YES;
				INFOPLIST_FILE = "YouTubePlayer/YouTubePlayer-Info.plist";
				MACOSX_DEPLOYMENT_TARGET = 10.9;
				PRODUCT_NAME = "$(TARGET_NAME)";
				SDKROOT = macosx;
				WRAPPER_EXTENSION = app;
			};
			name = Release;
		};
/* End XCBuildConfiguration section */

/* Begin XCConfigurationList section */
		14CA1D37172C4CB6000A1AF4 /* Build configuration list for PBXProject "YouTubePlayerKit" */ = {
			isa = XCConfigurationList;
			buildConfigurations = (
				14CA1D38172C4CB6000A1AF4 /* Debug */,
				14CA1D39172C4CB6000A1AF4 /* Release */,
			);
			defaultConfigurationIsVisible = 0;
			defaultConfigurationName = Release;
		};
		6E9B64C318743EE40018A427 /* Build configuration list for PBXNativeTarget "YouTubePlayer" */ = {
			isa = XCConfigurationList;
			buildConfigurations = (
				6E9B64C418743EE40018A427 /* Debug */,
				6E9B64C518743EE40018A427 /* Release */,
			);
			defaultConfigurationIsVisible = 0;
		};
/* End XCConfigurationList section */
	};
	rootObject = 14CA1D34172C4CB6000A1AF4 /* Project object */;
}
