// !$*UTF8*$!
{
	archiveVersion = 1;
	classes = {
	};
	objectVersion = 46;
	objects = {

/* Begin PBXGroup section */
		14CA1D33172C4CB6000A1AF4 = {
			isa = PBXGroup;
			children = (
			);
			sourceTree = "<group>";
		};
/* End PBXGroup section */

/* Begin PBXProject section */
		14CA1D34172C4CB6000A1AF4 /* Project object */ = {
			isa = PBXProject;
			attributes = {
				LastUpgradeCheck = 0460;
			};
			buildConfigurationList = 14CA1D37172C4CB6000A1AF4 /* Build configuration list for PBXProject "YouTubePlayerKit" */;
			compatibilityVersion = "Xcode 3.2";
			developmentRegion = English;
			hasScannedForEncodings = 0;
			knownRegions = (
				en,
			);
			mainGroup = 14CA1D33172C4CB6000A1AF4;
			projectDirPath = "";
			projectRoot = "";
			targets = (
			);
		};
/* End PBXProject section */

/* Begin XCBuildConfiguration section */
		14CA1D38172C4CB6000A1AF4 /* Debug */ = {
			isa = XCBuildConfiguration;
			buildSettings = {
			};
			name = Debug;
		};
		14CA1D39172C4CB6000A1AF4 /* Release */ = {
			isa = XCBuildConfiguration;
			buildSettings = {
			};
			name = Release;
		};
/* End XCBuildConfiguration section */

/* Begin XCConfigurationList section */
		14CA1D37172C4CB6000A1AF4 /* Build configuration list for PBXProject "YouTubePlayerKit" */ = {
			isa = XCConfigurationList;
			buildConfigurations = (
				14CA1D38172C4CB6000A1AF4 /* Debug */,
				14CA1D39172C4CB6000A1AF4 /* Release */,
			);
			defaultConfigurationIsVisible = 0;
			defaultConfigurationName = Release;
		};
/* End XCConfigurationList section */
	};
	rootObject = 14CA1D34172C4CB6000A1AF4 /* Project object */;
}
